
Microsoft Visual Studio Solution File, Format Version 12.00
# Visual Studio Version 17
VisualStudioVersion = 17.8.34316.72
MinimumVisualStudioVersion = 10.0.40219.1
Project("{9A19103F-16F7-4668-BE54-9A1E7A4F7556}") = "RoomReservations", "RoomReservations\RoomReservations.csproj", "{8F464E4C-02DA-4C3E-AB56-9A51BC34AD65}"
EndProject
Project("{9A19103F-16F7-4668-BE54-9A1E7A4F7556}") = "RoomReservations.Tests", "RoomReservations.Tests\RoomReservations.Tests.csproj", "{C23F77B6-847A-411C-AF26-249719F9663C}"
EndProject
Global
	GlobalSection(SolutionConfigurationPlatforms) = preSolution
		Debug|Any CPU = Debug|Any CPU
		Release|Any CPU = Release|Any CPU
	EndGlobalSection
	GlobalSection(ProjectConfigurationPlatforms) = postSolution
		{8F464E4C-02DA-4C3E-AB56-9A51BC34AD65}.Debug|Any CPU.ActiveCfg = Debug|Any CPU
		{8F464E4C-02DA-4C3E-AB56-9A51BC34AD65}.Debug|Any CPU.Build.0 = Debug|Any CPU
		{8F464E4C-02DA-4C3E-AB56-9A51BC34AD65}.Release|Any CPU.ActiveCfg = Release|Any CPU
		{8F464E4C-02DA-4C3E-AB56-9A51BC34AD65}.Release|Any CPU.Build.0 = Release|Any CPU
		{C23F77B6-847A-411C-AF26-249719F9663C}.Debug|Any CPU.ActiveCfg = Debug|Any CPU
		{C23F77B6-847A-411C-AF26-249719F9663C}.Debug|Any CPU.Build.0 = Debug|Any CPU
		{C23F77B6-847A-411C-AF26-249719F9663C}.Release|Any CPU.ActiveCfg = Release|Any CPU
		{C23F77B6-847A-411C-AF26-249719F9663C}.Release|Any CPU.Build.0 = Release|Any CPU
	EndGlobalSection
	GlobalSection(SolutionProperties) = preSolution
		HideSolutionNode = FALSE
	EndGlobalSection
	GlobalSection(ExtensibilityGlobals) = postSolution
		SolutionGuid = {89402D58-3184-4799-82E7-711F32094ED0}
	EndGlobalSection
EndGlobal
